
Microsoft Visual Studio Solution File, Format Version 12.00
# Visual Studio 15
VisualStudioVersion = 15.0.28307.1145
MinimumVisualStudioVersion = 10.0.40219.1
Project("{FAE04EC0-301F-11D3-BF4B-00C04F79EFBC}") = "FluentFtpTest", "FluentFtpTest\FluentFtpTest.csproj", "{16837F0A-12D0-4607-A951-4050B02BD64E}"
EndProject
Global
	GlobalSection(SolutionConfigurationPlatforms) = preSolution
		Debug|Any CPU = Debug|Any CPU
		Release|Any CPU = Release|Any CPU
	EndGlobalSection
	GlobalSection(ProjectConfigurationPlatforms) = postSolution
		{16837F0A-12D0-4607-A951-4050B02BD64E}.Debug|Any CPU.ActiveCfg = Debug|Any CPU
		{16837F0A-12D0-4607-A951-4050B02BD64E}.Debug|Any CPU.Build.0 = Debug|Any CPU
		{16837F0A-12D0-4607-A951-4050B02BD64E}.Release|Any CPU.ActiveCfg = Release|Any CPU
		{16837F0A-12D0-4607-A951-4050B02BD64E}.Release|Any CPU.Build.0 = Release|Any CPU
	EndGlobalSection
	GlobalSection(SolutionProperties) = preSolution
		HideSolutionNode = FALSE
	EndGlobalSection
	GlobalSection(ExtensibilityGlobals) = postSolution
		SolutionGuid = {E9CA390F-5A02-4A11-9E85-31E4653BCC7F}
	EndGlobalSection
EndGlobal
